
Microsoft Visual Studio Solution File, Format Version 12.00
Project("{2150E333-8FDC-42A3-9474-1A3956D46DE8}") = "1-API", "1-API", "{95C09A91-EF6E-432C-A918-94EEABE0E6DF}"
EndProject
Project("{FAE04EC0-301F-11D3-BF4B-00C04F79EFBC}") = "Likeit.Backend.API", "Likeit.Backend.API\Likeit.Backend.API.csproj", "{03000FB2-2208-4C06-96F5-72D7B145254F}"
EndProject
Global
	GlobalSection(SolutionConfigurationPlatforms) = preSolution
		Debug|Any CPU = Debug|Any CPU
		Release|Any CPU = Release|Any CPU
	EndGlobalSection
	GlobalSection(NestedProjects) = preSolution
		{03000FB2-2208-4C06-96F5-72D7B145254F} = {95C09A91-EF6E-432C-A918-94EEABE0E6DF}
	EndGlobalSection
	GlobalSection(ProjectConfigurationPlatforms) = postSolution
		{03000FB2-2208-4C06-96F5-72D7B145254F}.Debug|Any CPU.ActiveCfg = Debug|Any CPU
		{03000FB2-2208-4C06-96F5-72D7B145254F}.Debug|Any CPU.Build.0 = Debug|Any CPU
		{03000FB2-2208-4C06-96F5-72D7B145254F}.Release|Any CPU.ActiveCfg = Release|Any CPU
		{03000FB2-2208-4C06-96F5-72D7B145254F}.Release|Any CPU.Build.0 = Release|Any CPU
	EndGlobalSection
EndGlobal
